
Microsoft Visual Studio Solution File, Format Version 12.00
# Visual Studio Version 17
VisualStudioVersion = 17.0.31903.59
MinimumVisualStudioVersion = 10.0.40219.1
Project("{2150E333-8FDC-42A3-9474-1A3956D46DE8}") = "src", "src", "{827E0CD3-B72D-47B6-A68D-7590B98EB39B}"
EndProject
Project("{FAE04EC0-301F-11D3-BF4B-00C04F79EFBC}") = "CoreIdent.Core", "src\CoreIdent.Core\CoreIdent.Core.csproj", "{13763257-46A9-43D3-B447-01E9B886AB99}"
EndProject
Project("{FAE04EC0-301F-11D3-BF4B-00C04F79EFBC}") = "CoreIdent.Storage.EntityFrameworkCore", "src\CoreIdent.Storage.EntityFrameworkCore\CoreIdent.Storage.EntityFrameworkCore.csproj", "{629C0C37-9B6B-4E43-B8F5-C38F6CC223A5}"
EndProject
Project("{FAE04EC0-301F-11D3-BF4B-00C04F79EFBC}") = "CoreIdent.Adapters.DelegatedUserStore", "src\CoreIdent.Adapters.DelegatedUserStore\CoreIdent.Adapters.DelegatedUserStore.csproj", "{EF48235B-6889-4C3C-8E58-C8A1FF2005ED}"
EndProject
Project("{2150E333-8FDC-42A3-9474-1A3956D46DE8}") = "tests", "tests", "{0AB3BF05-4346-4AA6-1389-037BE0695223}"
EndProject
Project("{FAE04EC0-301F-11D3-BF4B-00C04F79EFBC}") = "CoreIdent.Core.Tests", "tests\CoreIdent.Core.Tests\CoreIdent.Core.Tests.csproj", "{FDB14E50-0569-4EEA-B1DC-931025401D99}"
EndProject
Global
	GlobalSection(SolutionConfigurationPlatforms) = preSolution
		Debug|Any CPU = Debug|Any CPU
		Debug|x64 = Debug|x64
		Debug|x86 = Debug|x86
		Release|Any CPU = Release|Any CPU
		Release|x64 = Release|x64
		Release|x86 = Release|x86
	EndGlobalSection
	GlobalSection(ProjectConfigurationPlatforms) = postSolution
		{13763257-46A9-43D3-B447-01E9B886AB99}.Debug|Any CPU.ActiveCfg = Debug|Any CPU
		{13763257-46A9-43D3-B447-01E9B886AB99}.Debug|Any CPU.Build.0 = Debug|Any CPU
		{13763257-46A9-43D3-B447-01E9B886AB99}.Debug|x64.ActiveCfg = Debug|Any CPU
		{13763257-46A9-43D3-B447-01E9B886AB99}.Debug|x64.Build.0 = Debug|Any CPU
		{13763257-46A9-43D3-B447-01E9B886AB99}.Debug|x86.ActiveCfg = Debug|Any CPU
		{13763257-46A9-43D3-B447-01E9B886AB99}.Debug|x86.Build.0 = Debug|Any CPU
		{13763257-46A9-43D3-B447-01E9B886AB99}.Release|Any CPU.ActiveCfg = Release|Any CPU
		{13763257-46A9-43D3-B447-01E9B886AB99}.Release|Any CPU.Build.0 = Release|Any CPU
		{13763257-46A9-43D3-B447-01E9B886AB99}.Release|x64.ActiveCfg = Release|Any CPU
		{13763257-46A9-43D3-B447-01E9B886AB99}.Release|x64.Build.0 = Release|Any CPU
		{13763257-46A9-43D3-B447-01E9B886AB99}.Release|x86.ActiveCfg = Release|Any CPU
		{13763257-46A9-43D3-B447-01E9B886AB99}.Release|x86.Build.0 = Release|Any CPU
		{629C0C37-9B6B-4E43-B8F5-C38F6CC223A5}.Debug|Any CPU.ActiveCfg = Debug|Any CPU
		{629C0C37-9B6B-4E43-B8F5-C38F6CC223A5}.Debug|Any CPU.Build.0 = Debug|Any CPU
		{629C0C37-9B6B-4E43-B8F5-C38F6CC223A5}.Debug|x64.ActiveCfg = Debug|Any CPU
		{629C0C37-9B6B-4E43-B8F5-C38F6CC223A5}.Debug|x64.Build.0 = Debug|Any CPU
		{629C0C37-9B6B-4E43-B8F5-C38F6CC223A5}.Debug|x86.ActiveCfg = Debug|Any CPU
		{629C0C37-9B6B-4E43-B8F5-C38F6CC223A5}.Debug|x86.Build.0 = Debug|Any CPU
		{629C0C37-9B6B-4E43-B8F5-C38F6CC223A5}.Release|Any CPU.ActiveCfg = Release|Any CPU
		{629C0C37-9B6B-4E43-B8F5-C38F6CC223A5}.Release|Any CPU.Build.0 = Release|Any CPU
		{629C0C37-9B6B-4E43-B8F5-C38F6CC223A5}.Release|x64.ActiveCfg = Release|Any CPU
		{629C0C37-9B6B-4E43-B8F5-C38F6CC223A5}.Release|x64.Build.0 = Release|Any CPU
		{629C0C37-9B6B-4E43-B8F5-C38F6CC223A5}.Release|x86.ActiveCfg = Release|Any CPU
		{629C0C37-9B6B-4E43-B8F5-C38F6CC223A5}.Release|x86.Build.0 = Release|Any CPU
		{EF48235B-6889-4C3C-8E58-C8A1FF2005ED}.Debug|Any CPU.ActiveCfg = Debug|Any CPU
		{EF48235B-6889-4C3C-8E58-C8A1FF2005ED}.Debug|Any CPU.Build.0 = Debug|Any CPU
		{EF48235B-6889-4C3C-8E58-C8A1FF2005ED}.Debug|x64.ActiveCfg = Debug|Any CPU
		{EF48235B-6889-4C3C-8E58-C8A1FF2005ED}.Debug|x64.Build.0 = Debug|Any CPU
		{EF48235B-6889-4C3C-8E58-C8A1FF2005ED}.Debug|x86.ActiveCfg = Debug|Any CPU
		{EF48235B-6889-4C3C-8E58-C8A1FF2005ED}.Debug|x86.Build.0 = Debug|Any CPU
		{EF48235B-6889-4C3C-8E58-C8A1FF2005ED}.Release|Any CPU.ActiveCfg = Release|Any CPU
		{EF48235B-6889-4C3C-8E58-C8A1FF2005ED}.Release|Any CPU.Build.0 = Release|Any CPU
		{EF48235B-6889-4C3C-8E58-C8A1FF2005ED}.Release|x64.ActiveCfg = Release|Any CPU
		{EF48235B-6889-4C3C-8E58-C8A1FF2005ED}.Release|x64.Build.0 = Release|Any CPU
		{EF48235B-6889-4C3C-8E58-C8A1FF2005ED}.Release|x86.ActiveCfg = Release|Any CPU
		{EF48235B-6889-4C3C-8E58-C8A1FF2005ED}.Release|x86.Build.0 = Release|Any CPU
		{FDB14E50-0569-4EEA-B1DC-931025401D99}.Debug|Any CPU.ActiveCfg = Debug|Any CPU
		{FDB14E50-0569-4EEA-B1DC-931025401D99}.Debug|Any CPU.Build.0 = Debug|Any CPU
		{FDB14E50-0569-4EEA-B1DC-931025401D99}.Debug|x64.ActiveCfg = Debug|Any CPU
		{FDB14E50-0569-4EEA-B1DC-931025401D99}.Debug|x64.Build.0 = Debug|Any CPU
		{FDB14E50-0569-4EEA-B1DC-931025401D99}.Debug|x86.ActiveCfg = Debug|Any CPU
		{FDB14E50-0569-4EEA-B1DC-931025401D99}.Debug|x86.Build.0 = Debug|Any CPU
		{FDB14E50-0569-4EEA-B1DC-931025401D99}.Release|Any CPU.ActiveCfg = Release|Any CPU
		{FDB14E50-0569-4EEA-B1DC-931025401D99}.Release|Any CPU.Build.0 = Release|Any CPU
		{FDB14E50-0569-4EEA-B1DC-931025401D99}.Release|x64.ActiveCfg = Release|Any CPU
		{FDB14E50-0569-4EEA-B1DC-931025401D99}.Release|x64.Build.0 = Release|Any CPU
		{FDB14E50-0569-4EEA-B1DC-931025401D99}.Release|x86.ActiveCfg = Release|Any CPU
		{FDB14E50-0569-4EEA-B1DC-931025401D99}.Release|x86.Build.0 = Release|Any CPU
	EndGlobalSection
	GlobalSection(SolutionProperties) = preSolution
		HideSolutionNode = FALSE
	EndGlobalSection
	GlobalSection(NestedProjects) = preSolution
		{13763257-46A9-43D3-B447-01E9B886AB99} = {827E0CD3-B72D-47B6-A68D-7590B98EB39B}
		{629C0C37-9B6B-4E43-B8F5-C38F6CC223A5} = {827E0CD3-B72D-47B6-A68D-7590B98EB39B}
		{EF48235B-6889-4C3C-8E58-C8A1FF2005ED} = {827E0CD3-B72D-47B6-A68D-7590B98EB39B}
		{FDB14E50-0569-4EEA-B1DC-931025401D99} = {0AB3BF05-4346-4AA6-1389-037BE0695223}
	EndGlobalSection
EndGlobal
